Microsoft Visual Studio Solution File, Format Version 12.00
# Visual Studio 15
Project("{8BC9CEB8-8B4A-11D0-8D11-00A0C91BC942}") = "hangman", "hangman.vcxproj", "{878145A8-9174-3A4F-BA5F-26D5DF5E0A1F}"
	ProjectSection(ProjectDependencies) = postProject
		{53FDB829-F583-3AA0-95E1-891276A18E0F} = {53FDB829-F583-3AA0-95E1-891276A18E0F}
	EndProjectSection
EndProject
Project("{8BC9CEB8-8B4A-11D0-8D11-00A0C91BC942}") = "ALL_BUILD", "ALL_BUILD.vcxproj", "{63A027FA-EB21-3122-9785-DA44F0098A74}"
	ProjectSection(ProjectDependencies) = postProject
		{53FDB829-F583-3AA0-95E1-891276A18E0F} = {53FDB829-F583-3AA0-95E1-891276A18E0F}
		{878145A8-9174-3A4F-BA5F-26D5DF5E0A1F} = {878145A8-9174-3A4F-BA5F-26D5DF5E0A1F}
	EndProjectSection
EndProject
Project("{8BC9CEB8-8B4A-11D0-8D11-00A0C91BC942}") = "ZERO_CHECK", "ZERO_CHECK.vcxproj", "{53FDB829-F583-3AA0-95E1-891276A18E0F}"
	ProjectSection(ProjectDependencies) = postProject
	EndProjectSection
EndProject
Global
	GlobalSection(SolutionConfigurationPlatforms) = preSolution
		Debug|Win32 = Debug|Win32
		Release|Win32 = Release|Win32
		MinSizeRel|Win32 = MinSizeRel|Win32
		RelWithDebInfo|Win32 = RelWithDebInfo|Win32
	EndGlobalSection
	GlobalSection(ProjectConfigurationPlatforms) = postSolution
		{878145A8-9174-3A4F-BA5F-26D5DF5E0A1F}.Debug|Win32.ActiveCfg = Debug|Win32
		{878145A8-9174-3A4F-BA5F-26D5DF5E0A1F}.Debug|Win32.Build.0 = Debug|Win32
		{878145A8-9174-3A4F-BA5F-26D5DF5E0A1F}.Release|Win32.ActiveCfg = Release|Win32
		{878145A8-9174-3A4F-BA5F-26D5DF5E0A1F}.Release|Win32.Build.0 = Release|Win32
		{878145A8-9174-3A4F-BA5F-26D5DF5E0A1F}.MinSizeRel|Win32.ActiveCfg = MinSizeRel|Win32
		{878145A8-9174-3A4F-BA5F-26D5DF5E0A1F}.MinSizeRel|Win32.Build.0 = MinSizeRel|Win32
		{878145A8-9174-3A4F-BA5F-26D5DF5E0A1F}.RelWithDebInfo|Win32.ActiveCfg = RelWithDebInfo|Win32
		{878145A8-9174-3A4F-BA5F-26D5DF5E0A1F}.RelWithDebInfo|Win32.Build.0 = RelWithDebInfo|Win32
		{63A027FA-EB21-3122-9785-DA44F0098A74}.Debug|Win32.ActiveCfg = Debug|Win32
		{63A027FA-EB21-3122-9785-DA44F0098A74}.Release|Win32.ActiveCfg = Release|Win32
		{63A027FA-EB21-3122-9785-DA44F0098A74}.MinSizeRel|Win32.ActiveCfg = MinSizeRel|Win32
		{63A027FA-EB21-3122-9785-DA44F0098A74}.RelWithDebInfo|Win32.ActiveCfg = RelWithDebInfo|Win32
		{53FDB829-F583-3AA0-95E1-891276A18E0F}.Debug|Win32.ActiveCfg = Debug|Win32
		{53FDB829-F583-3AA0-95E1-891276A18E0F}.Debug|Win32.Build.0 = Debug|Win32
		{53FDB829-F583-3AA0-95E1-891276A18E0F}.Release|Win32.ActiveCfg = Release|Win32
		{53FDB829-F583-3AA0-95E1-891276A18E0F}.Release|Win32.Build.0 = Release|Win32
		{53FDB829-F583-3AA0-95E1-891276A18E0F}.MinSizeRel|Win32.ActiveCfg = MinSizeRel|Win32
		{53FDB829-F583-3AA0-95E1-891276A18E0F}.MinSizeRel|Win32.Build.0 = MinSizeRel|Win32
		{53FDB829-F583-3AA0-95E1-891276A18E0F}.RelWithDebInfo|Win32.ActiveCfg = RelWithDebInfo|Win32
		{53FDB829-F583-3AA0-95E1-891276A18E0F}.RelWithDebInfo|Win32.Build.0 = RelWithDebInfo|Win32
	EndGlobalSection
	GlobalSection(ExtensibilityGlobals) = postSolution
		SolutionGuid = {CBA7D854-ECA7-327E-B59C-E6E9EFD9B21E}
	EndGlobalSection
	GlobalSection(ExtensibilityAddIns) = postSolution
	EndGlobalSection
EndGlobal
